
Microsoft Visual Studio Solution File, Format Version 12.00
# Visual Studio Version 17
VisualStudioVersion = 17.12.35527.113
MinimumVisualStudioVersion = 10.0.40219.1
Project("{FAE04EC0-301F-11D3-BF4B-00C04F79EFBC}") = "CadeirasLusitanas", "CadeirasLusitanas\CadeirasLusitanas.csproj", "{0F8D6404-51BC-41D6-A76F-C81CE9E0CB0F}"
EndProject
Project("{E53339B2-1760-4266-BCC7-CA923CBCF16C}") = "docker-compose", "docker-compose.dcproj", "{C429C053-6C66-47E7-843D-34A5CF32323A}"
EndProject
Global
	GlobalSection(SolutionConfigurationPlatforms) = preSolution
		Debug|Any CPU = Debug|Any CPU
		Release|Any CPU = Release|Any CPU
	EndGlobalSection
	GlobalSection(ProjectConfigurationPlatforms) = postSolution
		{0F8D6404-51BC-41D6-A76F-C81CE9E0CB0F}.Debug|Any CPU.ActiveCfg = Debug|Any CPU
		{0F8D6404-51BC-41D6-A76F-C81CE9E0CB0F}.Debug|Any CPU.Build.0 = Debug|Any CPU
		{0F8D6404-51BC-41D6-A76F-C81CE9E0CB0F}.Release|Any CPU.ActiveCfg = Release|Any CPU
		{0F8D6404-51BC-41D6-A76F-C81CE9E0CB0F}.Release|Any CPU.Build.0 = Release|Any CPU
		{C429C053-6C66-47E7-843D-34A5CF32323A}.Debug|Any CPU.ActiveCfg = Debug|Any CPU
		{C429C053-6C66-47E7-843D-34A5CF32323A}.Debug|Any CPU.Build.0 = Debug|Any CPU
		{C429C053-6C66-47E7-843D-34A5CF32323A}.Release|Any CPU.ActiveCfg = Release|Any CPU
		{C429C053-6C66-47E7-843D-34A5CF32323A}.Release|Any CPU.Build.0 = Release|Any CPU
	EndGlobalSection
	GlobalSection(SolutionProperties) = preSolution
		HideSolutionNode = FALSE
	EndGlobalSection
EndGlobal
